{
    "_readme": [
        "This file locks the dependencies of your project to a known state",
        "Read more about it at https://getcomposer.org/doc/01-basic-usage.md#installing-dependencies",
        "This file is @generated automatically"
    ],
    "content-hash": "aeb6583d292e911f5430c03172883520",
    "packages": [
        {
            "name": "hkvstore/didom",
            "version": "v2.0.2",
            "source": {
                "type": "git",
                "url": "https://github.com/hkvstore/DiDOM.git",
                "reference": "9661da4ce1d80f11d5f442e30f5d8f736e84ccfb"
            },
            "dist": {
                "type": "zip",
                "url": "https://api.github.com/repos/hkvstore/DiDOM/zipball/9661da4ce1d80f11d5f442e30f5d8f736e84ccfb",
                "reference": "9661da4ce1d80f11d5f442e30f5d8f736e84ccfb",
                "shasum": ""
            },
            "require": {
                "ext-dom": "*",
                "ext-iconv": "*",
                "php": ">=8.1"
            },
            "require-dev": {
                "phpunit/phpunit": "^8.5"
            },
            "type": "library",
            "autoload": {
                "psr-4": {
                    "DiDom\\": "src/DiDom/"
                }
            },
            "notification-url": "https://packagist.org/downloads/",
            "license": [
                "MIT"
            ],
            "authors": [
                {
                    "name": "Imangazaliev Muhammad",
                    "email": "imangazalievm@gmail.com"
                }
            ],
            "description": "Simple and fast HTML parser",
            "homepage": "https://github.com/Imangazaliev/DiDOM",
            "keywords": [
                "didom",
                "html",
                "parser",
                "xml"
            ],
            "support": {
                "source": "https://github.com/hkvstore/DiDOM/tree/v2.0.2"
            },
            "time": "2025-03-26T04:41:47+00:00"
        },
        {
            "name": "mibe/feedwriter",
            "version": "v1.1.2",
            "source": {
                "type": "git",
                "url": "https://github.com/mibe/FeedWriter.git",
                "reference": "b32ed2a68e612a1f6045d00d342df6928ecfecad"
            },
            "dist": {
                "type": "zip",
                "url": "https://api.github.com/repos/mibe/FeedWriter/zipball/b32ed2a68e612a1f6045d00d342df6928ecfecad",
                "reference": "b32ed2a68e612a1f6045d00d342df6928ecfecad",
                "shasum": ""
            },
            "require": {
                "php": ">=5.3.0"
            },
            "type": "library",
            "extra": {
                "branch-alias": {
                    "dev-master": "1.1.x-dev"
                }
            },
            "autoload": {
                "psr-4": {
                    "FeedWriter\\": ""
                }
            },
            "notification-url": "https://packagist.org/downloads/",
            "license": [
                "GPL-3.0"
            ],
            "authors": [
                {
                    "name": "Anis uddin Ahmad",
                    "email": "anis.programmer@gmail.com"
                },
                {
                    "name": "Michael Bemmerl",
                    "email": "mail@mx-server.de"
                },
                {
                    "name": "Phil Freo"
                },
                {
                    "name": "Paul Ferrett"
                },
                {
                    "name": "Brennen Bearnes"
                },
                {
                    "name": "Michael Robinson",
                    "email": "mike@pagesofinterest.net"
                },
                {
                    "name": "Baptiste Fontaine"
                },
                {
                    "name": "Kristián Valentín"
                },
                {
                    "name": "Brandtley McMinn"
                },
                {
                    "name": "Julian Bogdani"
                },
                {
                    "name": "Cedric Gampert"
                },
                {
                    "name": "Yamek"
                },
                {
                    "name": "thielj"
                },
                {
                    "name": "Pavel Khakhlou"
                },
                {
                    "name": "Daniel"
                },
                {
                    "name": "Tino Goratsch"
                }
            ],
            "description": "Generate feeds in either RSS 1.0, RSS 2.0 or ATOM formats",
            "homepage": "https://github.com/mibe/FeedWriter",
            "keywords": [
                "RSS 1.0",
                "atom",
                "feed",
                "rss",
                "rss 2.0",
                "rss2"
            ],
            "support": {
                "issues": "https://github.com/mibe/FeedWriter/issues",
                "source": "https://github.com/mibe/FeedWriter/tree/v1.1.2"
            },
            "time": "2023-05-24T23:01:35+00:00"
        }
    ],
    "packages-dev": [],
    "aliases": [],
    "minimum-stability": "stable",
    "stability-flags": {},
    "prefer-stable": false,
    "prefer-lowest": false,
    "platform": {},
    "platform-dev": {},
    "plugin-api-version": "2.6.0"
}
